
Microsoft Visual Studio Solution File, Format Version 11.00
# Visual Studio 2010
Project("{FAE04EC0-301F-11D3-BF4B-00C04F79EFBC}") = "ItemOrderBep", "ItemOrderBep\ItemOrderBep.csproj", "{6F7F7C1D-5D83-480E-8C84-5B4A5942CB00}"
EndProject
Global
	GlobalSection(SolutionConfigurationPlatforms) = preSolution
		Debug|Any CPU = Debug|Any CPU
		Release|Any CPU = Release|Any CPU
	EndGlobalSection
	GlobalSection(ProjectConfigurationPlatforms) = postSolution
		{6F7F7C1D-5D83-480E-8C84-5B4A5942CB00}.Debug|Any CPU.ActiveCfg = Debug|Any CPU
		{6F7F7C1D-5D83-480E-8C84-5B4A5942CB00}.Debug|Any CPU.Build.0 = Debug|Any CPU
		{6F7F7C1D-5D83-480E-8C84-5B4A5942CB00}.Release|Any CPU.ActiveCfg = Release|Any CPU
		{6F7F7C1D-5D83-480E-8C84-5B4A5942CB00}.Release|Any CPU.Build.0 = Release|Any CPU
	EndGlobalSection
	GlobalSection(SolutionProperties) = preSolution
		HideSolutionNode = FALSE
	EndGlobalSection
EndGlobal
